
Microsoft Visual Studio Solution File, Format Version 12.00
# Visual Studio Version 16
VisualStudioVersion = 16.0.30523.141
MinimumVisualStudioVersion = 10.0.40219.1
Project("{FAE04EC0-301F-11D3-BF4B-00C04F79EFBC}") = "dental-desktop", "dental-desktop.csproj", "{80D0DCAE-F504-44EB-9512-92DE58582505}"
EndProject
Global
	GlobalSection(SolutionConfigurationPlatforms) = preSolution
		Debug|Any CPU = Debug|Any CPU
		Release|Any CPU = Release|Any CPU
	EndGlobalSection
	GlobalSection(ProjectConfigurationPlatforms) = postSolution
		{80D0DCAE-F504-44EB-9512-92DE58582505}.Debug|Any CPU.ActiveCfg = Debug|Any CPU
		{80D0DCAE-F504-44EB-9512-92DE58582505}.Debug|Any CPU.Build.0 = Debug|Any CPU
		{80D0DCAE-F504-44EB-9512-92DE58582505}.Release|Any CPU.ActiveCfg = Release|Any CPU
		{80D0DCAE-F504-44EB-9512-92DE58582505}.Release|Any CPU.Build.0 = Release|Any CPU
	EndGlobalSection
	GlobalSection(SolutionProperties) = preSolution
		HideSolutionNode = FALSE
	EndGlobalSection
	GlobalSection(ExtensibilityGlobals) = postSolution
		SolutionGuid = {39AB5933-7CF6-45AD-97D1-065CF0B250F8}
	EndGlobalSection
EndGlobal
